github.com/robfig/cron/v3 v3.0.1 h1:WdRxkvbJztn8LMz/QEvLN5sBU+xKpSqwwUO1Pjr4qDs=
github.com/robfig/cron/v3 v3.0.1/go.mod h1:eQICP3HwyT7UooqI/z+Ov+PtYAWygg1TEWWzGIFLtro=
micode.be.xiaomi.com/b2cgo/xmlib v0.0.0-20210624084221-c67aa14b0706 h1:c/9IxRW9mKg45jvt+jonpcD1xl7xshOM3qkq0uLZKHs=
micode.be.xiaomi.com/b2cgo/xmlib v0.0.0-20210624084221-c67aa14b0706/go.mod h1:vEwEwxFigV7JxgL2ckooiEtMsxzqK/9AQ4xVS3ZpEiM=
